
Microsoft Visual Studio Solution File, Format Version 12.00
# Visual Studio Version 17
VisualStudioVersion = 17.9.34518.117
MinimumVisualStudioVersion = 10.0.40219.1
Project("{FAE04EC0-301F-11D3-BF4B-00C04F79EFBC}") = "BlazorApp_git", "BlazorApp_git\BlazorApp_git.csproj", "{67CC9575-6D01-4C69-ADB4-111B071833C0}"
EndProject
Global
	GlobalSection(SolutionConfigurationPlatforms) = preSolution
		Debug|Any CPU = Debug|Any CPU
		Release|Any CPU = Release|Any CPU
	EndGlobalSection
	GlobalSection(ProjectConfigurationPlatforms) = postSolution
		{67CC9575-6D01-4C69-ADB4-111B071833C0}.Debug|Any CPU.ActiveCfg = Debug|Any CPU
		{67CC9575-6D01-4C69-ADB4-111B071833C0}.Debug|Any CPU.Build.0 = Debug|Any CPU
		{67CC9575-6D01-4C69-ADB4-111B071833C0}.Release|Any CPU.ActiveCfg = Release|Any CPU
		{67CC9575-6D01-4C69-ADB4-111B071833C0}.Release|Any CPU.Build.0 = Release|Any CPU
	EndGlobalSection
	GlobalSection(SolutionProperties) = preSolution
		HideSolutionNode = FALSE
	EndGlobalSection
	GlobalSection(ExtensibilityGlobals) = postSolution
		SolutionGuid = {FB899FC4-A45A-4609-A70A-5553C23BF5BD}
	EndGlobalSection
EndGlobal
